
Microsoft Visual Studio Solution File, Format Version 12.00
# Visual Studio Version 17
VisualStudioVersion = 17.0.31903.59
MinimumVisualStudioVersion = 10.0.40219.1
Project("{2150E333-8FDC-42A3-9474-1A3956D46DE8}") = "src", "src", "{02EA681E-C7D8-13C7-8484-4AC65E1B71E8}"
EndProject
Project("{2150E333-8FDC-42A3-9474-1A3956D46DE8}") = "test", "test", "{5D678255-5E68-4E59-A614-8DEA036B4C27}"
EndProject
Project("{FAE04EC0-301F-11D3-BF4B-00C04F79EFBC}") = "SharedKernel", "src\SharedKernel\SharedKernel.csproj", "{4124738B-6BF8-4D21-AFF2-76B09733BA65}"
EndProject
Project("{FAE04EC0-301F-11D3-BF4B-00C04F79EFBC}") = "SharedKernel.Tests", "test\SharedKernel.Tests\SharedKernel.Tests.csproj", "{F7682CB5-4999-4A34-A49D-B0AEAC8B5BAB}"
EndProject
Project("{FAE04EC0-301F-11D3-BF4B-00C04F79EFBC}") = "Infrastructure", "src\Infrastructure\Infrastructure.csproj", "{62E67092-B950-44EC-A9CF-D65712448FE5}"
EndProject
Project("{FAE04EC0-301F-11D3-BF4B-00C04F79EFBC}") = "Infrastructure.Tests", "test\Infrastructure.Tests\Infrastructure.Tests.csproj", "{AA8A85E2-BA93-4DBD-B93B-FE11AE266329}"
EndProject
Project("{FAE04EC0-301F-11D3-BF4B-00C04F79EFBC}") = "Domain", "src\Domain\Domain.csproj", "{776B6E4B-F872-48E7-9D24-4D8296D31DDC}"
EndProject
Project("{FAE04EC0-301F-11D3-BF4B-00C04F79EFBC}") = "Domain.Tests", "test\Domain.Tests\Domain.Tests.csproj", "{9197257E-FD75-4CD8-89BF-090C7463960A}"
EndProject
Project("{FAE04EC0-301F-11D3-BF4B-00C04F79EFBC}") = "Application", "src\Application\Application.csproj", "{383499E0-2B40-471A-9F75-847F961B526F}"
EndProject
Project("{FAE04EC0-301F-11D3-BF4B-00C04F79EFBC}") = "Architecture.Tests", "test\Architecture.Tests\Architecture.Tests.csproj", "{BD536424-55FA-4F14-8186-995997E37268}"
EndProject
Project("{FAE04EC0-301F-11D3-BF4B-00C04F79EFBC}") = "Api", "src\Api\Api.csproj", "{3A67BAD0-13B5-4E1B-9646-072536CECE71}"
EndProject
Project("{FAE04EC0-301F-11D3-BF4B-00C04F79EFBC}") = "Application.Tests", "test\Application.Tests\Application.Tests.csproj", "{4F9A8F13-EE53-4299-8A71-58C89D769FD9}"
EndProject
Global
	GlobalSection(SolutionConfigurationPlatforms) = preSolution
		Debug|Any CPU = Debug|Any CPU
		Release|Any CPU = Release|Any CPU
	EndGlobalSection
	GlobalSection(ProjectConfigurationPlatforms) = postSolution
		{4124738B-6BF8-4D21-AFF2-76B09733BA65}.Debug|Any CPU.ActiveCfg = Debug|Any CPU
		{4124738B-6BF8-4D21-AFF2-76B09733BA65}.Debug|Any CPU.Build.0 = Debug|Any CPU
		{4124738B-6BF8-4D21-AFF2-76B09733BA65}.Release|Any CPU.ActiveCfg = Release|Any CPU
		{4124738B-6BF8-4D21-AFF2-76B09733BA65}.Release|Any CPU.Build.0 = Release|Any CPU
		{F7682CB5-4999-4A34-A49D-B0AEAC8B5BAB}.Debug|Any CPU.ActiveCfg = Debug|Any CPU
		{F7682CB5-4999-4A34-A49D-B0AEAC8B5BAB}.Debug|Any CPU.Build.0 = Debug|Any CPU
		{F7682CB5-4999-4A34-A49D-B0AEAC8B5BAB}.Release|Any CPU.ActiveCfg = Release|Any CPU
		{F7682CB5-4999-4A34-A49D-B0AEAC8B5BAB}.Release|Any CPU.Build.0 = Release|Any CPU
		{62E67092-B950-44EC-A9CF-D65712448FE5}.Debug|Any CPU.ActiveCfg = Debug|Any CPU
		{62E67092-B950-44EC-A9CF-D65712448FE5}.Debug|Any CPU.Build.0 = Debug|Any CPU
		{62E67092-B950-44EC-A9CF-D65712448FE5}.Release|Any CPU.ActiveCfg = Release|Any CPU
		{62E67092-B950-44EC-A9CF-D65712448FE5}.Release|Any CPU.Build.0 = Release|Any CPU
		{AA8A85E2-BA93-4DBD-B93B-FE11AE266329}.Debug|Any CPU.ActiveCfg = Debug|Any CPU
		{AA8A85E2-BA93-4DBD-B93B-FE11AE266329}.Debug|Any CPU.Build.0 = Debug|Any CPU
		{AA8A85E2-BA93-4DBD-B93B-FE11AE266329}.Release|Any CPU.ActiveCfg = Release|Any CPU
		{AA8A85E2-BA93-4DBD-B93B-FE11AE266329}.Release|Any CPU.Build.0 = Release|Any CPU
		{776B6E4B-F872-48E7-9D24-4D8296D31DDC}.Debug|Any CPU.ActiveCfg = Debug|Any CPU
		{776B6E4B-F872-48E7-9D24-4D8296D31DDC}.Debug|Any CPU.Build.0 = Debug|Any CPU
		{776B6E4B-F872-48E7-9D24-4D8296D31DDC}.Release|Any CPU.ActiveCfg = Release|Any CPU
		{776B6E4B-F872-48E7-9D24-4D8296D31DDC}.Release|Any CPU.Build.0 = Release|Any CPU
		{9197257E-FD75-4CD8-89BF-090C7463960A}.Debug|Any CPU.ActiveCfg = Debug|Any CPU
		{9197257E-FD75-4CD8-89BF-090C7463960A}.Debug|Any CPU.Build.0 = Debug|Any CPU
		{9197257E-FD75-4CD8-89BF-090C7463960A}.Release|Any CPU.ActiveCfg = Release|Any CPU
		{9197257E-FD75-4CD8-89BF-090C7463960A}.Release|Any CPU.Build.0 = Release|Any CPU
		{383499E0-2B40-471A-9F75-847F961B526F}.Debug|Any CPU.ActiveCfg = Debug|Any CPU
		{383499E0-2B40-471A-9F75-847F961B526F}.Debug|Any CPU.Build.0 = Debug|Any CPU
		{383499E0-2B40-471A-9F75-847F961B526F}.Release|Any CPU.ActiveCfg = Release|Any CPU
		{383499E0-2B40-471A-9F75-847F961B526F}.Release|Any CPU.Build.0 = Release|Any CPU
		{BD536424-55FA-4F14-8186-995997E37268}.Debug|Any CPU.ActiveCfg = Debug|Any CPU
		{BD536424-55FA-4F14-8186-995997E37268}.Debug|Any CPU.Build.0 = Debug|Any CPU
		{BD536424-55FA-4F14-8186-995997E37268}.Release|Any CPU.ActiveCfg = Release|Any CPU
		{BD536424-55FA-4F14-8186-995997E37268}.Release|Any CPU.Build.0 = Release|Any CPU
		{3A67BAD0-13B5-4E1B-9646-072536CECE71}.Debug|Any CPU.ActiveCfg = Debug|Any CPU
		{3A67BAD0-13B5-4E1B-9646-072536CECE71}.Debug|Any CPU.Build.0 = Debug|Any CPU
		{3A67BAD0-13B5-4E1B-9646-072536CECE71}.Release|Any CPU.ActiveCfg = Release|Any CPU
		{3A67BAD0-13B5-4E1B-9646-072536CECE71}.Release|Any CPU.Build.0 = Release|Any CPU
		{4F9A8F13-EE53-4299-8A71-58C89D769FD9}.Debug|Any CPU.ActiveCfg = Debug|Any CPU
		{4F9A8F13-EE53-4299-8A71-58C89D769FD9}.Debug|Any CPU.Build.0 = Debug|Any CPU
		{4F9A8F13-EE53-4299-8A71-58C89D769FD9}.Release|Any CPU.ActiveCfg = Release|Any CPU
		{4F9A8F13-EE53-4299-8A71-58C89D769FD9}.Release|Any CPU.Build.0 = Release|Any CPU
	EndGlobalSection
	GlobalSection(SolutionProperties) = preSolution
		HideSolutionNode = FALSE
	EndGlobalSection
	GlobalSection(NestedProjects) = preSolution
		{4124738B-6BF8-4D21-AFF2-76B09733BA65} = {02EA681E-C7D8-13C7-8484-4AC65E1B71E8}
		{F7682CB5-4999-4A34-A49D-B0AEAC8B5BAB} = {5D678255-5E68-4E59-A614-8DEA036B4C27}
		{62E67092-B950-44EC-A9CF-D65712448FE5} = {02EA681E-C7D8-13C7-8484-4AC65E1B71E8}
		{AA8A85E2-BA93-4DBD-B93B-FE11AE266329} = {5D678255-5E68-4E59-A614-8DEA036B4C27}
		{776B6E4B-F872-48E7-9D24-4D8296D31DDC} = {02EA681E-C7D8-13C7-8484-4AC65E1B71E8}
		{9197257E-FD75-4CD8-89BF-090C7463960A} = {5D678255-5E68-4E59-A614-8DEA036B4C27}
		{383499E0-2B40-471A-9F75-847F961B526F} = {02EA681E-C7D8-13C7-8484-4AC65E1B71E8}
		{BD536424-55FA-4F14-8186-995997E37268} = {5D678255-5E68-4E59-A614-8DEA036B4C27}
		{3A67BAD0-13B5-4E1B-9646-072536CECE71} = {02EA681E-C7D8-13C7-8484-4AC65E1B71E8}
		{4F9A8F13-EE53-4299-8A71-58C89D769FD9} = {5D678255-5E68-4E59-A614-8DEA036B4C27}
	EndGlobalSection
	GlobalSection(ExtensibilityGlobals) = postSolution
		SolutionGuid = {198EB1B1-0295-41C3-BB09-1029A5BD45FB}
	EndGlobalSection
EndGlobal
